
Microsoft Visual Studio Solution File, Format Version 12.00
# Visual Studio Version 16
VisualStudioVersion = 16.0.29519.87
MinimumVisualStudioVersion = 15.0.26124.0
Project("{9A19103F-16F7-4668-BE54-9A1E7A4F7556}") = "Day1", "Day1\Day1.csproj", "{3025E43E-856C-402A-81AE-D7B6AB1F9C15}"
EndProject
Project("{9A19103F-16F7-4668-BE54-9A1E7A4F7556}") = "Tests", "Tests\Tests.csproj", "{81E72251-A8FC-46B4-8D51-08B624004AA8}"
EndProject
Project("{9A19103F-16F7-4668-BE54-9A1E7A4F7556}") = "Shared", "Shared\Shared.csproj", "{CADC8BDC-AAA7-421E-8B06-C0E147C0B30E}"
EndProject
Project("{FAE04EC0-301F-11D3-BF4B-00C04F79EFBC}") = "Day2", "Day2\Day2.csproj", "{58C29811-1C4A-4BB6-B859-896D28CFEE53}"
EndProject
Project("{FAE04EC0-301F-11D3-BF4B-00C04F79EFBC}") = "Day4", "Day4\Day4.csproj", "{4F2B1BF5-979F-4057-8B27-7A3EABF63BF7}"
EndProject
Project("{FAE04EC0-301F-11D3-BF4B-00C04F79EFBC}") = "Day5", "Day5\Day5.csproj", "{FE6BF1A6-EFD2-44F3-8477-48CAF51F7243}"
EndProject
Project("{FAE04EC0-301F-11D3-BF4B-00C04F79EFBC}") = "Day6", "Day6\Day6.csproj", "{43A92192-F967-44EC-A781-362DCC3F0835}"
EndProject
Project("{FAE04EC0-301F-11D3-BF4B-00C04F79EFBC}") = "Day7", "Day7\Day7.csproj", "{CA033F6C-A694-420C-9F5A-68DC50DB9BE5}"
EndProject
Project("{FAE04EC0-301F-11D3-BF4B-00C04F79EFBC}") = "Day8", "Day8\Day8.csproj", "{F7516FE6-B377-4F46-AB12-311311D7E901}"
EndProject
Project("{FAE04EC0-301F-11D3-BF4B-00C04F79EFBC}") = "Day10", "Day10\Day10.csproj", "{5ACE33AB-FF20-4067-8CF7-6ED3EFF2CFD4}"
EndProject
Global
	GlobalSection(SolutionConfigurationPlatforms) = preSolution
		Debug|Any CPU = Debug|Any CPU
		Debug|x64 = Debug|x64
		Debug|x86 = Debug|x86
		Release|Any CPU = Release|Any CPU
		Release|x64 = Release|x64
		Release|x86 = Release|x86
	EndGlobalSection
	GlobalSection(ProjectConfigurationPlatforms) = postSolution
		{3025E43E-856C-402A-81AE-D7B6AB1F9C15}.Debug|Any CPU.ActiveCfg = Debug|Any CPU
		{3025E43E-856C-402A-81AE-D7B6AB1F9C15}.Debug|Any CPU.Build.0 = Debug|Any CPU
		{3025E43E-856C-402A-81AE-D7B6AB1F9C15}.Debug|x64.ActiveCfg = Debug|Any CPU
		{3025E43E-856C-402A-81AE-D7B6AB1F9C15}.Debug|x64.Build.0 = Debug|Any CPU
		{3025E43E-856C-402A-81AE-D7B6AB1F9C15}.Debug|x86.ActiveCfg = Debug|Any CPU
		{3025E43E-856C-402A-81AE-D7B6AB1F9C15}.Debug|x86.Build.0 = Debug|Any CPU
		{3025E43E-856C-402A-81AE-D7B6AB1F9C15}.Release|Any CPU.ActiveCfg = Release|Any CPU
		{3025E43E-856C-402A-81AE-D7B6AB1F9C15}.Release|Any CPU.Build.0 = Release|Any CPU
		{3025E43E-856C-402A-81AE-D7B6AB1F9C15}.Release|x64.ActiveCfg = Release|Any CPU
		{3025E43E-856C-402A-81AE-D7B6AB1F9C15}.Release|x64.Build.0 = Release|Any CPU
		{3025E43E-856C-402A-81AE-D7B6AB1F9C15}.Release|x86.ActiveCfg = Release|Any CPU
		{3025E43E-856C-402A-81AE-D7B6AB1F9C15}.Release|x86.Build.0 = Release|Any CPU
		{81E72251-A8FC-46B4-8D51-08B624004AA8}.Debug|Any CPU.ActiveCfg = Debug|Any CPU
		{81E72251-A8FC-46B4-8D51-08B624004AA8}.Debug|Any CPU.Build.0 = Debug|Any CPU
		{81E72251-A8FC-46B4-8D51-08B624004AA8}.Debug|x64.ActiveCfg = Debug|Any CPU
		{81E72251-A8FC-46B4-8D51-08B624004AA8}.Debug|x64.Build.0 = Debug|Any CPU
		{81E72251-A8FC-46B4-8D51-08B624004AA8}.Debug|x86.ActiveCfg = Debug|Any CPU
		{81E72251-A8FC-46B4-8D51-08B624004AA8}.Debug|x86.Build.0 = Debug|Any CPU
		{81E72251-A8FC-46B4-8D51-08B624004AA8}.Release|Any CPU.ActiveCfg = Release|Any CPU
		{81E72251-A8FC-46B4-8D51-08B624004AA8}.Release|Any CPU.Build.0 = Release|Any CPU
		{81E72251-A8FC-46B4-8D51-08B624004AA8}.Release|x64.ActiveCfg = Release|Any CPU
		{81E72251-A8FC-46B4-8D51-08B624004AA8}.Release|x64.Build.0 = Release|Any CPU
		{81E72251-A8FC-46B4-8D51-08B624004AA8}.Release|x86.ActiveCfg = Release|Any CPU
		{81E72251-A8FC-46B4-8D51-08B624004AA8}.Release|x86.Build.0 = Release|Any CPU
		{CADC8BDC-AAA7-421E-8B06-C0E147C0B30E}.Debug|Any CPU.ActiveCfg = Debug|Any CPU
		{CADC8BDC-AAA7-421E-8B06-C0E147C0B30E}.Debug|Any CPU.Build.0 = Debug|Any CPU
		{CADC8BDC-AAA7-421E-8B06-C0E147C0B30E}.Debug|x64.ActiveCfg = Debug|Any CPU
		{CADC8BDC-AAA7-421E-8B06-C0E147C0B30E}.Debug|x64.Build.0 = Debug|Any CPU
		{CADC8BDC-AAA7-421E-8B06-C0E147C0B30E}.Debug|x86.ActiveCfg = Debug|Any CPU
		{CADC8BDC-AAA7-421E-8B06-C0E147C0B30E}.Debug|x86.Build.0 = Debug|Any CPU
		{CADC8BDC-AAA7-421E-8B06-C0E147C0B30E}.Release|Any CPU.ActiveCfg = Release|Any CPU
		{CADC8BDC-AAA7-421E-8B06-C0E147C0B30E}.Release|Any CPU.Build.0 = Release|Any CPU
		{CADC8BDC-AAA7-421E-8B06-C0E147C0B30E}.Release|x64.ActiveCfg = Release|Any CPU
		{CADC8BDC-AAA7-421E-8B06-C0E147C0B30E}.Release|x64.Build.0 = Release|Any CPU
		{CADC8BDC-AAA7-421E-8B06-C0E147C0B30E}.Release|x86.ActiveCfg = Release|Any CPU
		{CADC8BDC-AAA7-421E-8B06-C0E147C0B30E}.Release|x86.Build.0 = Release|Any CPU
		{58C29811-1C4A-4BB6-B859-896D28CFEE53}.Debug|Any CPU.ActiveCfg = Debug|Any CPU
		{58C29811-1C4A-4BB6-B859-896D28CFEE53}.Debug|Any CPU.Build.0 = Debug|Any CPU
		{58C29811-1C4A-4BB6-B859-896D28CFEE53}.Debug|x64.ActiveCfg = Debug|Any CPU
		{58C29811-1C4A-4BB6-B859-896D28CFEE53}.Debug|x64.Build.0 = Debug|Any CPU
		{58C29811-1C4A-4BB6-B859-896D28CFEE53}.Debug|x86.ActiveCfg = Debug|Any CPU
		{58C29811-1C4A-4BB6-B859-896D28CFEE53}.Debug|x86.Build.0 = Debug|Any CPU
		{58C29811-1C4A-4BB6-B859-896D28CFEE53}.Release|Any CPU.ActiveCfg = Release|Any CPU
		{58C29811-1C4A-4BB6-B859-896D28CFEE53}.Release|Any CPU.Build.0 = Release|Any CPU
		{58C29811-1C4A-4BB6-B859-896D28CFEE53}.Release|x64.ActiveCfg = Release|Any CPU
		{58C29811-1C4A-4BB6-B859-896D28CFEE53}.Release|x64.Build.0 = Release|Any CPU
		{58C29811-1C4A-4BB6-B859-896D28CFEE53}.Release|x86.ActiveCfg = Release|Any CPU
		{58C29811-1C4A-4BB6-B859-896D28CFEE53}.Release|x86.Build.0 = Release|Any CPU
		{4F2B1BF5-979F-4057-8B27-7A3EABF63BF7}.Debug|Any CPU.ActiveCfg = Debug|Any CPU
		{4F2B1BF5-979F-4057-8B27-7A3EABF63BF7}.Debug|Any CPU.Build.0 = Debug|Any CPU
		{4F2B1BF5-979F-4057-8B27-7A3EABF63BF7}.Debug|x64.ActiveCfg = Debug|Any CPU
		{4F2B1BF5-979F-4057-8B27-7A3EABF63BF7}.Debug|x64.Build.0 = Debug|Any CPU
		{4F2B1BF5-979F-4057-8B27-7A3EABF63BF7}.Debug|x86.ActiveCfg = Debug|Any CPU
		{4F2B1BF5-979F-4057-8B27-7A3EABF63BF7}.Debug|x86.Build.0 = Debug|Any CPU
		{4F2B1BF5-979F-4057-8B27-7A3EABF63BF7}.Release|Any CPU.ActiveCfg = Release|Any CPU
		{4F2B1BF5-979F-4057-8B27-7A3EABF63BF7}.Release|Any CPU.Build.0 = Release|Any CPU
		{4F2B1BF5-979F-4057-8B27-7A3EABF63BF7}.Release|x64.ActiveCfg = Release|Any CPU
		{4F2B1BF5-979F-4057-8B27-7A3EABF63BF7}.Release|x64.Build.0 = Release|Any CPU
		{4F2B1BF5-979F-4057-8B27-7A3EABF63BF7}.Release|x86.ActiveCfg = Release|Any CPU
		{4F2B1BF5-979F-4057-8B27-7A3EABF63BF7}.Release|x86.Build.0 = Release|Any CPU
		{FE6BF1A6-EFD2-44F3-8477-48CAF51F7243}.Debug|Any CPU.ActiveCfg = Debug|Any CPU
		{FE6BF1A6-EFD2-44F3-8477-48CAF51F7243}.Debug|Any CPU.Build.0 = Debug|Any CPU
		{FE6BF1A6-EFD2-44F3-8477-48CAF51F7243}.Debug|x64.ActiveCfg = Debug|Any CPU
		{FE6BF1A6-EFD2-44F3-8477-48CAF51F7243}.Debug|x64.Build.0 = Debug|Any CPU
		{FE6BF1A6-EFD2-44F3-8477-48CAF51F7243}.Debug|x86.ActiveCfg = Debug|Any CPU
		{FE6BF1A6-EFD2-44F3-8477-48CAF51F7243}.Debug|x86.Build.0 = Debug|Any CPU
		{FE6BF1A6-EFD2-44F3-8477-48CAF51F7243}.Release|Any CPU.ActiveCfg = Release|Any CPU
		{FE6BF1A6-EFD2-44F3-8477-48CAF51F7243}.Release|Any CPU.Build.0 = Release|Any CPU
		{FE6BF1A6-EFD2-44F3-8477-48CAF51F7243}.Release|x64.ActiveCfg = Release|Any CPU
		{FE6BF1A6-EFD2-44F3-8477-48CAF51F7243}.Release|x64.Build.0 = Release|Any CPU
		{FE6BF1A6-EFD2-44F3-8477-48CAF51F7243}.Release|x86.ActiveCfg = Release|Any CPU
		{FE6BF1A6-EFD2-44F3-8477-48CAF51F7243}.Release|x86.Build.0 = Release|Any CPU
		{43A92192-F967-44EC-A781-362DCC3F0835}.Debug|Any CPU.ActiveCfg = Debug|Any CPU
		{43A92192-F967-44EC-A781-362DCC3F0835}.Debug|Any CPU.Build.0 = Debug|Any CPU
		{43A92192-F967-44EC-A781-362DCC3F0835}.Debug|x64.ActiveCfg = Debug|Any CPU
		{43A92192-F967-44EC-A781-362DCC3F0835}.Debug|x64.Build.0 = Debug|Any CPU
		{43A92192-F967-44EC-A781-362DCC3F0835}.Debug|x86.ActiveCfg = Debug|Any CPU
		{43A92192-F967-44EC-A781-362DCC3F0835}.Debug|x86.Build.0 = Debug|Any CPU
		{43A92192-F967-44EC-A781-362DCC3F0835}.Release|Any CPU.ActiveCfg = Release|Any CPU
		{43A92192-F967-44EC-A781-362DCC3F0835}.Release|Any CPU.Build.0 = Release|Any CPU
		{43A92192-F967-44EC-A781-362DCC3F0835}.Release|x64.ActiveCfg = Release|Any CPU
		{43A92192-F967-44EC-A781-362DCC3F0835}.Release|x64.Build.0 = Release|Any CPU
		{43A92192-F967-44EC-A781-362DCC3F0835}.Release|x86.ActiveCfg = Release|Any CPU
		{43A92192-F967-44EC-A781-362DCC3F0835}.Release|x86.Build.0 = Release|Any CPU
		{CA033F6C-A694-420C-9F5A-68DC50DB9BE5}.Debug|Any CPU.ActiveCfg = Debug|Any CPU
		{CA033F6C-A694-420C-9F5A-68DC50DB9BE5}.Debug|Any CPU.Build.0 = Debug|Any CPU
		{CA033F6C-A694-420C-9F5A-68DC50DB9BE5}.Debug|x64.ActiveCfg = Debug|Any CPU
		{CA033F6C-A694-420C-9F5A-68DC50DB9BE5}.Debug|x64.Build.0 = Debug|Any CPU
		{CA033F6C-A694-420C-9F5A-68DC50DB9BE5}.Debug|x86.ActiveCfg = Debug|Any CPU
		{CA033F6C-A694-420C-9F5A-68DC50DB9BE5}.Debug|x86.Build.0 = Debug|Any CPU
		{CA033F6C-A694-420C-9F5A-68DC50DB9BE5}.Release|Any CPU.ActiveCfg = Release|Any CPU
		{CA033F6C-A694-420C-9F5A-68DC50DB9BE5}.Release|Any CPU.Build.0 = Release|Any CPU
		{CA033F6C-A694-420C-9F5A-68DC50DB9BE5}.Release|x64.ActiveCfg = Release|Any CPU
		{CA033F6C-A694-420C-9F5A-68DC50DB9BE5}.Release|x64.Build.0 = Release|Any CPU
		{CA033F6C-A694-420C-9F5A-68DC50DB9BE5}.Release|x86.ActiveCfg = Release|Any CPU
		{CA033F6C-A694-420C-9F5A-68DC50DB9BE5}.Release|x86.Build.0 = Release|Any CPU
		{F7516FE6-B377-4F46-AB12-311311D7E901}.Debug|Any CPU.ActiveCfg = Debug|Any CPU
		{F7516FE6-B377-4F46-AB12-311311D7E901}.Debug|Any CPU.Build.0 = Debug|Any CPU
		{F7516FE6-B377-4F46-AB12-311311D7E901}.Debug|x64.ActiveCfg = Debug|Any CPU
		{F7516FE6-B377-4F46-AB12-311311D7E901}.Debug|x64.Build.0 = Debug|Any CPU
		{F7516FE6-B377-4F46-AB12-311311D7E901}.Debug|x86.ActiveCfg = Debug|Any CPU
		{F7516FE6-B377-4F46-AB12-311311D7E901}.Debug|x86.Build.0 = Debug|Any CPU
		{F7516FE6-B377-4F46-AB12-311311D7E901}.Release|Any CPU.ActiveCfg = Release|Any CPU
		{F7516FE6-B377-4F46-AB12-311311D7E901}.Release|Any CPU.Build.0 = Release|Any CPU
		{F7516FE6-B377-4F46-AB12-311311D7E901}.Release|x64.ActiveCfg = Release|Any CPU
		{F7516FE6-B377-4F46-AB12-311311D7E901}.Release|x64.Build.0 = Release|Any CPU
		{F7516FE6-B377-4F46-AB12-311311D7E901}.Release|x86.ActiveCfg = Release|Any CPU
		{F7516FE6-B377-4F46-AB12-311311D7E901}.Release|x86.Build.0 = Release|Any CPU
		{5ACE33AB-FF20-4067-8CF7-6ED3EFF2CFD4}.Debug|Any CPU.ActiveCfg = Debug|Any CPU
		{5ACE33AB-FF20-4067-8CF7-6ED3EFF2CFD4}.Debug|Any CPU.Build.0 = Debug|Any CPU
		{5ACE33AB-FF20-4067-8CF7-6ED3EFF2CFD4}.Debug|x64.ActiveCfg = Debug|Any CPU
		{5ACE33AB-FF20-4067-8CF7-6ED3EFF2CFD4}.Debug|x64.Build.0 = Debug|Any CPU
		{5ACE33AB-FF20-4067-8CF7-6ED3EFF2CFD4}.Debug|x86.ActiveCfg = Debug|Any CPU
		{5ACE33AB-FF20-4067-8CF7-6ED3EFF2CFD4}.Debug|x86.Build.0 = Debug|Any CPU
		{5ACE33AB-FF20-4067-8CF7-6ED3EFF2CFD4}.Release|Any CPU.ActiveCfg = Release|Any CPU
		{5ACE33AB-FF20-4067-8CF7-6ED3EFF2CFD4}.Release|Any CPU.Build.0 = Release|Any CPU
		{5ACE33AB-FF20-4067-8CF7-6ED3EFF2CFD4}.Release|x64.ActiveCfg = Release|Any CPU
		{5ACE33AB-FF20-4067-8CF7-6ED3EFF2CFD4}.Release|x64.Build.0 = Release|Any CPU
		{5ACE33AB-FF20-4067-8CF7-6ED3EFF2CFD4}.Release|x86.ActiveCfg = Release|Any CPU
		{5ACE33AB-FF20-4067-8CF7-6ED3EFF2CFD4}.Release|x86.Build.0 = Release|Any CPU
	EndGlobalSection
	GlobalSection(SolutionProperties) = preSolution
		HideSolutionNode = FALSE
	EndGlobalSection
	GlobalSection(ExtensibilityGlobals) = postSolution
		SolutionGuid = {994257F6-ADDF-4934-A1E0-DFF154D10CB4}
	EndGlobalSection
EndGlobal
